
Microsoft Visual Studio Solution File, Format Version 12.00
# Visual Studio Version 17
VisualStudioVersion = 17.11.35222.181
MinimumVisualStudioVersion = 10.0.40219.1
Project("{FAE04EC0-301F-11D3-BF4B-00C04F79EFBC}") = "Rates", "Rates\Rates.csproj", "{0A61A2DF-E610-49C6-A79D-1AD899A20B3B}"
EndProject
Global
	GlobalSection(SolutionConfigurationPlatforms) = preSolution
		Debug|Any CPU = Debug|Any CPU
		Release|Any CPU = Release|Any CPU
	EndGlobalSection
	GlobalSection(ProjectConfigurationPlatforms) = postSolution
		{0A61A2DF-E610-49C6-A79D-1AD899A20B3B}.Debug|Any CPU.ActiveCfg = Debug|Any CPU
		{0A61A2DF-E610-49C6-A79D-1AD899A20B3B}.Debug|Any CPU.Build.0 = Debug|Any CPU
		{0A61A2DF-E610-49C6-A79D-1AD899A20B3B}.Release|Any CPU.ActiveCfg = Release|Any CPU
		{0A61A2DF-E610-49C6-A79D-1AD899A20B3B}.Release|Any CPU.Build.0 = Release|Any CPU
	EndGlobalSection
	GlobalSection(SolutionProperties) = preSolution
		HideSolutionNode = FALSE
	EndGlobalSection
	GlobalSection(ExtensibilityGlobals) = postSolution
		SolutionGuid = {1A69A302-2CAD-44C3-9FE4-50A813B82BC4}
	EndGlobalSection
EndGlobal
